
Microsoft Visual Studio Solution File, Format Version 12.00
# Visual Studio Version 17
VisualStudioVersion = 17.14.36915.13 d17.14
MinimumVisualStudioVersion = 10.0.40219.1
Project("{FAE04EC0-301F-11D3-BF4B-00C04F79EFBC}") = "api_proj", "api_proj.csproj", "{6EFA963B-A0EC-4A05-8F11-23B77080DD0E}"
EndProject
Project("{FAE04EC0-301F-11D3-BF4B-00C04F79EFBC}") = "API_proj.API.Test", "API_proj.API.Test\API_proj.API.Test.csproj", "{F8AB97AE-D33B-4E52-BB29-D23AA60A7DC6}"
EndProject
Global
	GlobalSection(SolutionConfigurationPlatforms) = preSolution
		Debug|Any CPU = Debug|Any CPU
		Release|Any CPU = Release|Any CPU
	EndGlobalSection
	GlobalSection(ProjectConfigurationPlatforms) = postSolution
		{6EFA963B-A0EC-4A05-8F11-23B77080DD0E}.Debug|Any CPU.ActiveCfg = Debug|Any CPU
		{6EFA963B-A0EC-4A05-8F11-23B77080DD0E}.Debug|Any CPU.Build.0 = Debug|Any CPU
		{6EFA963B-A0EC-4A05-8F11-23B77080DD0E}.Release|Any CPU.ActiveCfg = Release|Any CPU
		{6EFA963B-A0EC-4A05-8F11-23B77080DD0E}.Release|Any CPU.Build.0 = Release|Any CPU
		{F8AB97AE-D33B-4E52-BB29-D23AA60A7DC6}.Debug|Any CPU.ActiveCfg = Debug|Any CPU
		{F8AB97AE-D33B-4E52-BB29-D23AA60A7DC6}.Debug|Any CPU.Build.0 = Debug|Any CPU
		{F8AB97AE-D33B-4E52-BB29-D23AA60A7DC6}.Release|Any CPU.ActiveCfg = Release|Any CPU
		{F8AB97AE-D33B-4E52-BB29-D23AA60A7DC6}.Release|Any CPU.Build.0 = Release|Any CPU
	EndGlobalSection
	GlobalSection(SolutionProperties) = preSolution
		HideSolutionNode = FALSE
	EndGlobalSection
	GlobalSection(ExtensibilityGlobals) = postSolution
		SolutionGuid = {646FB6F7-85EB-4E15-BBE2-A303FA6DA5C3}
	EndGlobalSection
EndGlobal
